
Microsoft Visual Studio Solution File, Format Version 12.00
# Visual Studio Version 17
VisualStudioVersion = 17.11.35208.52
MinimumVisualStudioVersion = 10.0.40219.1
Project("{9A19103F-16F7-4668-BE54-9A1E7A4F7556}") = "API", "API\API.csproj", "{BFF61AD0-EAC7-4C62-B5B1-3FC0FA547301}"
EndProject
Project("{FAE04EC0-301F-11D3-BF4B-00C04F79EFBC}") = "Infrastructure", "Infrastructure\Infrastructure.csproj", "{4642CD13-D007-41FA-93D0-D34CA6F63545}"
EndProject
Global
	GlobalSection(SolutionConfigurationPlatforms) = preSolution
		Debug|Any CPU = Debug|Any CPU
		Release|Any CPU = Release|Any CPU
	EndGlobalSection
	GlobalSection(ProjectConfigurationPlatforms) = postSolution
		{BFF61AD0-EAC7-4C62-B5B1-3FC0FA547301}.Debug|Any CPU.ActiveCfg = Debug|Any CPU
		{BFF61AD0-EAC7-4C62-B5B1-3FC0FA547301}.Debug|Any CPU.Build.0 = Debug|Any CPU
		{BFF61AD0-EAC7-4C62-B5B1-3FC0FA547301}.Release|Any CPU.ActiveCfg = Release|Any CPU
		{BFF61AD0-EAC7-4C62-B5B1-3FC0FA547301}.Release|Any CPU.Build.0 = Release|Any CPU
		{4642CD13-D007-41FA-93D0-D34CA6F63545}.Debug|Any CPU.ActiveCfg = Debug|Any CPU
		{4642CD13-D007-41FA-93D0-D34CA6F63545}.Debug|Any CPU.Build.0 = Debug|Any CPU
		{4642CD13-D007-41FA-93D0-D34CA6F63545}.Release|Any CPU.ActiveCfg = Release|Any CPU
		{4642CD13-D007-41FA-93D0-D34CA6F63545}.Release|Any CPU.Build.0 = Release|Any CPU
	EndGlobalSection
	GlobalSection(SolutionProperties) = preSolution
		HideSolutionNode = FALSE
	EndGlobalSection
	GlobalSection(ExtensibilityGlobals) = postSolution
		SolutionGuid = {2FA75A58-AB19-466B-B034-E7832D709B0D}
	EndGlobalSection
EndGlobal
